#MicroXplorer Configuration settings - do not modify
Mcu.Family=STM32F4
ProjectManager.MainLocation=Core/Src
ProjectManager.ProjectFileName=PVPanelController.ioc
USART2.IPParameters=VirtualMode,BaudRate
RCC.CortexFreq_Value=84000000
ADC1.Rank-0\#ChannelRegularConversion=1
ProjectManager.KeepUserCode=true
Mcu.UserName=STM32F446RETx
Mcu.PinsNb=12
ADC1.ContinuousConvMode=ENABLE
ProjectManager.NoMain=false
ADC1.IPParameters=Rank-0\#ChannelRegularConversion,Channel-0\#ChannelRegularConversion,SamplingTime-0\#ChannelRegularConversion,NbrOfConversionFlag,master,Rank-1\#ChannelRegularConversion,Channel-1\#ChannelRegularConversion,SamplingTime-1\#ChannelRegularConversion,Rank-2\#ChannelRegularConversion,Channel-2\#ChannelRegularConversion,SamplingTime-2\#ChannelRegularConversion,Rank-3\#ChannelRegularConversion,Channel-3\#ChannelRegularConversion,SamplingTime-3\#ChannelRegularConversion,NbrOfConversion,InjNumberOfConversion,ContinuousConvMode,ExternalTrigConv,DMAContinuousRequests
RCC.PLLCLKFreq_Value=84000000
RCC.FMPI2C1Freq_Value=42000000
RCC.PLLQCLKFreq_Value=84000000
RCC.VCOI2SInputFreq_Value=1000000
ProjectManager.functionlistsort=1-MX_GPIO_Init-GPIO-false-HAL-true,2-SystemClock_Config-RCC-false-HAL-false,3-MX_ADC1_Init-ADC1-false-HAL-true,4-MX_I2C1_Init-I2C1-false-HAL-true,5-MX_TIM3_Init-TIM3-false-HAL-true,6-MX_USART2_UART_Init-USART2-false-HAL-true
PC8.Signal=S_TIM3_CH3
PC6.Signal=S_TIM3_CH1
ProjectManager.DefaultFWLocation=true
RCC.PLLI2SRCLKFreq_Value=96000000
ProjectManager.DeletePrevious=true
RCC.APB1CLKDivider=RCC_HCLK_DIV2
RCC.SAIAFreq_Value=96000000
SH.S_TIM3_CH3.0=TIM3_CH3,PWM Generation3 CH3
NVIC.USART2_IRQn=true\:0\:0\:false\:false\:true\:true\:true
USART2.BaudRate=9600
PinOutPanel.RotationAngle=0
ADC1.SamplingTime-2\#ChannelRegularConversion=ADC_SAMPLETIME_3CYCLES
RCC.FamilyName=M
RCC.SYSCLKSource=RCC_SYSCLKSOURCE_PLLCLK
ProjectManager.StackSize=0x400
PA0-WKUP.Signal=ADCx_IN0
PA0-WKUP.Locked=true
PA3.Mode=Asynchronous
Mcu.IP4=SYS
TIM3.Channel-PWM\ Generation3\ CH3=TIM_CHANNEL_3
RCC.FCLKCortexFreq_Value=84000000
Mcu.IP5=TIM3
Mcu.IP2=NVIC
NVIC.SVCall_IRQn=true\:0\:0\:false\:false\:true\:false\:false
Mcu.IP3=RCC
Mcu.IP0=ADC1
Mcu.IP1=I2C1
Mcu.UserConstants=
ProjectManager.TargetToolchain=STM32CubeIDE
SH.S_TIM3_CH3.ConfNb=1
Mcu.ThirdPartyNb=0
ADC1.Channel-3\#ChannelRegularConversion=ADC_CHANNEL_8
RCC.SDIOFreq_Value=84000000
RCC.HCLKFreq_Value=84000000
Mcu.IPNb=7
ProjectManager.PreviousToolchain=STM32CubeIDE
PC6.Locked=true
RCC.APB2TimFreq_Value=84000000
PB6.Signal=I2C1_SCL
ADC1.Channel-1\#ChannelRegularConversion=ADC_CHANNEL_1
RCC.SPDIFRXFreq_Value=84000000
ADC1.Channel-2\#ChannelRegularConversion=ADC_CHANNEL_4
ADC1.InjNumberOfConversion=0
PB6.Mode=I2C
Mcu.Pin6=PC6
Mcu.Pin7=PC8
ProjectManager.RegisterCallBack=
Mcu.Pin8=PB6
RCC.USBFreq_Value=84000000
Mcu.Pin9=PB7
RCC.VCOSAIOutputFreq_Value=192000000
VP_TIM3_VS_ClockSourceINT.Signal=TIM3_VS_ClockSourceINT
PA1.Signal=ADCx_IN1
RCC.AHBFreq_Value=84000000
Mcu.Pin0=PA0-WKUP
Mcu.Pin1=PA1
TIM3.Channel-PWM\ Generation1\ CH1=TIM_CHANNEL_1
GPIO.groupedBy=
Mcu.Pin2=PA2
Mcu.Pin3=PA3
Mcu.Pin4=PA4
RCC.VCOI2SOutputFreq_Value=192000000
Mcu.Pin5=PB0
ADC1.Channel-0\#ChannelRegularConversion=ADC_CHANNEL_0
ProjectManager.ProjectBuild=false
NVIC.UsageFault_IRQn=true\:0\:0\:false\:false\:true\:false\:false
NVIC.DebugMonitor_IRQn=true\:0\:0\:false\:false\:true\:false\:false
RCC.PLLSAIPCLKFreq_Value=96000000
board=custom
PA4.Locked=true
RCC.VCOOutputFreq_Value=168000000
NVIC.SysTick_IRQn=true\:0\:0\:false\:false\:true\:false\:true
ProjectManager.LastFirmware=true
NVIC.TIM3_IRQn=true\:0\:0\:false\:false\:true\:true\:true
ProjectManager.FirmwarePackage=STM32Cube FW_F4 V1.26.1
MxDb.Version=DB.6.0.20
RCC.APB2Freq_Value=84000000
ADC1.Rank-2\#ChannelRegularConversion=3
ProjectManager.BackupPrevious=false
MxCube.Version=6.2.0
RCC.VCOInputFreq_Value=1000000
RCC.PLLI2SPCLKFreq_Value=96000000
SH.ADCx_IN0.ConfNb=1
SH.ADCx_IN1.ConfNb=1
File.Version=6
VP_SYS_VS_Systick.Mode=SysTick
SH.ADCx_IN8.0=ADC1_IN8,IN8
TIM3.IPParameters=Channel-PWM Generation1 CH1,Channel-PWM Generation3 CH3
SH.ADCx_IN4.0=ADC1_IN4,IN4
PB7.Signal=I2C1_SDA
NVIC.NonMaskableInt_IRQn=true\:0\:0\:false\:false\:true\:false\:false
RCC.PLLRCLKFreq_Value=84000000
SH.ADCx_IN0.0=ADC1_IN0,IN0
SH.ADCx_IN4.ConfNb=1
PB6.Locked=true
NVIC.PendSV_IRQn=true\:0\:0\:false\:false\:true\:false\:false
SH.S_TIM3_CH1.0=TIM3_CH1,PWM Generation1 CH1
ADC1.DMAContinuousRequests=DISABLE
SH.ADCx_IN8.ConfNb=1
ADC1.NbrOfConversion=4
ProjectManager.FreePins=false
RCC.IPParameters=AHBFreq_Value,APB1CLKDivider,APB1Freq_Value,APB1TimFreq_Value,APB2Freq_Value,APB2TimFreq_Value,CECFreq_Value,CortexFreq_Value,FCLKCortexFreq_Value,FMPI2C1Freq_Value,FamilyName,HCLKFreq_Value,MCO2PinFreq_Value,PLLCLKFreq_Value,PLLI2SPCLKFreq_Value,PLLI2SQCLKFreq_Value,PLLI2SRCLKFreq_Value,PLLN,PLLQCLKFreq_Value,PLLRCLKFreq_Value,PLLSAIPCLKFreq_Value,PLLSAIQCLKFreq_Value,PWRFreq_Value,SAIAFreq_Value,SAIBFreq_Value,SDIOFreq_Value,SPDIFRXFreq_Value,SYSCLKFreq_VALUE,SYSCLKSource,USBFreq_Value,VCOI2SInputFreq_Value,VCOI2SOutputFreq_Value,VCOInputFreq_Value,VCOOutputFreq_Value,VCOSAIInputFreq_Value,VCOSAIOutputFreq_Value
ProjectManager.AskForMigrate=true
Mcu.Name=STM32F446R(C-E)Tx
RCC.PLLI2SQCLKFreq_Value=96000000
ProjectManager.HalAssertFull=false
PB0.Locked=true
ADC1.SamplingTime-0\#ChannelRegularConversion=ADC_SAMPLETIME_3CYCLES
PA2.Signal=USART2_TX
ProjectManager.ProjectName=PVPanelController
ProjectManager.UnderRoot=true
ADC1.ExternalTrigConv=ADC_SOFTWARE_START
Mcu.IP6=USART2
RCC.VCOSAIInputFreq_Value=1000000
ProjectManager.CoupleFile=false
RCC.MCO2PinFreq_Value=84000000
ADC1.SamplingTime-1\#ChannelRegularConversion=ADC_SAMPLETIME_3CYCLES
PA4.Signal=ADCx_IN4
RCC.SYSCLKFreq_VALUE=84000000
Mcu.Package=LQFP64
PA1.Locked=true
ADC1.master=1
PA3.Locked=true
ADC1.Rank-3\#ChannelRegularConversion=4
ADC1.SamplingTime-3\#ChannelRegularConversion=ADC_SAMPLETIME_3CYCLES
NVIC.ForceEnableDMAVector=true
KeepUserPlacement=false
USART2.VirtualMode=VM_ASYNC
NVIC.MemoryManagement_IRQn=true\:0\:0\:false\:false\:true\:false\:false
ProjectManager.CompilerOptimize=6
ADC1.Rank-1\#ChannelRegularConversion=2
ProjectManager.ToolChainLocation=
VP_SYS_VS_Systick.Signal=SYS_VS_Systick
PB7.Mode=I2C
ProjectManager.HeapSize=0x200
NVIC.HardFault_IRQn=true\:0\:0\:false\:false\:true\:false\:false
SH.S_TIM3_CH1.ConfNb=1
ProjectManager.ComputerToolchain=false
NVIC.PriorityGroup=NVIC_PRIORITYGROUP_4
ADC1.NbrOfConversionFlag=1
SH.ADCx_IN1.0=ADC1_IN1,IN1
Mcu.Pin11=VP_TIM3_VS_ClockSourceINT
RCC.PLLN=168
Mcu.Pin10=VP_SYS_VS_Systick
RCC.CECFreq_Value=32786.88524590164
PB7.Locked=true
RCC.APB1TimFreq_Value=84000000
PA2.Mode=Asynchronous
NVIC.BusFault_IRQn=true\:0\:0\:false\:false\:true\:false\:false
RCC.PWRFreq_Value=84000000
PC8.Locked=true
RCC.SAIBFreq_Value=96000000
RCC.APB1Freq_Value=42000000
PB0.Signal=ADCx_IN8
ProjectManager.CustomerFirmwarePackage=
VP_TIM3_VS_ClockSourceINT.Mode=Internal
ProjectManager.DeviceId=STM32F446RETx
ProjectManager.LibraryCopy=1
RCC.PLLSAIQCLKFreq_Value=96000000
PA3.Signal=USART2_RX
PA2.Locked=true
